// !$*UTF8*$!
{
	archiveVersion = 1;
	classes = {
	};
	objectVersion = 55;
	objects = {

/* Begin PBXBuildFile section */
		2DC4B80629E67B8D000F2022 /* AppDelegate.swift in Sources */ = {isa = PBXBuildFile; fileRef = 2DC4B80529E67B8D000F2022 /* AppDelegate.swift */; };
		2DC4B80829E67B8D000F2022 /* SceneDelegate.swift in Sources */ = {isa = PBXBuildFile; fileRef = 2DC4B80729E67B8D000F2022 /* SceneDelegate.swift */; };
		2DC4B80A29E67B8D000F2022 /* ViewController.swift in Sources */ = {isa = PBXBuildFile; fileRef = 2DC4B80929E67B8D000F2022 /* ViewController.swift */; };
		2DC4B80D29E67B8D000F2022 /* Main.storyboard in Resources */ = {isa = PBXBuildFile; fileRef = 2DC4B80B29E67B8D000F2022 /* Main.storyboard */; };
		2DC4B80F29E67B8E000F2022 /* Assets.xcassets in Resources */ = {isa = PBXBuildFile; fileRef = 2DC4B80E29E67B8E000F2022 /* Assets.xcassets */; };
		2DC4B81229E67B8E000F2022 /* LaunchScreen.storyboard in Resources */ = {isa = PBXBuildFile; fileRef = 2DC4B81029E67B8E000F2022 /* LaunchScreen.storyboard */; };
		2DC4B82529E67C98000F2022 /* FMDatabaseAdditions.m in Sources */ = {isa = PBXBuildFile; fileRef = 2DC4B81B29E67C98000F2022 /* FMDatabaseAdditions.m */; };
		2DC4B82629E67C98000F2022 /* FMDatabaseQueue.m in Sources */ = {isa = PBXBuildFile; fileRef = 2DC4B81D29E67C98000F2022 /* FMDatabaseQueue.m */; };
		2DC4B82729E67C98000F2022 /* FMDatabasePool.m in Sources */ = {isa = PBXBuildFile; fileRef = 2DC4B82129E67C98000F2022 /* FMDatabasePool.m */; };
		2DC4B82829E67C98000F2022 /* FMDatabase.m in Sources */ = {isa = PBXBuildFile; fileRef = 2DC4B82229E67C98000F2022 /* FMDatabase.m */; };
		2DC4B82929E67C98000F2022 /* FMResultSet.m in Sources */ = {isa = PBXBuildFile; fileRef = 2DC4B82329E67C98000F2022 /* FMResultSet.m */; };
		2DC4B82B29E67D1B000F2022 /* fmdb Helper.swift in Sources */ = {isa = PBXBuildFile; fileRef = 2DC4B82A29E67D1B000F2022 /* fmdb Helper.swift */; };
		2DC4B82D29E68829000F2022 /* ViewController2.swift in Sources */ = {isa = PBXBuildFile; fileRef = 2DC4B82C29E68829000F2022 /* ViewController2.swift */; };
		2DC4B82F29E689D9000F2022 /* MyTableViewCell.swift in Sources */ = {isa = PBXBuildFile; fileRef = 2DC4B82E29E689D9000F2022 /* MyTableViewCell.swift */; };
/* End PBXBuildFile section */

/* Begin PBXFileReference section */
		2DC4B80229E67B8D000F2022 /* Exam Local Database.app */ = {isa = PBXFileReference; explicitFileType = wrapper.application; includeInIndex = 0; path = "Exam Local Database.app"; sourceTree = BUILT_PRODUCTS_DIR; };
		2DC4B80529E67B8D000F2022 /* AppDelegate.swift */ = {isa = PBXFileReference; lastKnownFileType = sourcecode.swift; path = AppDelegate.swift; sourceTree = "<group>"; };
		2DC4B80729E67B8D000F2022 /* SceneDelegate.swift */ = {isa = PBXFileReference; lastKnownFileType = sourcecode.swift; path = SceneDelegate.swift; sourceTree = "<group>"; };
		2DC4B80929E67B8D000F2022 /* ViewController.swift */ = {isa = PBXFileReference; lastKnownFileType = sourcecode.swift; path = ViewController.swift; sourceTree = "<group>"; };
		2DC4B80C29E67B8D000F2022 /* Base */ = {isa = PBXFileReference; lastKnownFileType = file.storyboard; name = Base; path = Base.lproj/Main.storyboard; sourceTree = "<group>"; };
		2DC4B80E29E67B8E000F2022 /* Assets.xcassets */ = {isa = PBXFileReference; lastKnownFileType = folder.assetcatalog; path = Assets.xcassets; sourceTree = "<group>"; };
		2DC4B81129E67B8E000F2022 /* Base */ = {isa = PBXFileReference; lastKnownFileType = file.storyboard; name = Base; path = Base.lproj/LaunchScreen.storyboard; sourceTree = "<group>"; };
		2DC4B81329E67B8E000F2022 /* Info.plist */ = {isa = PBXFileReference; lastKnownFileType = text.plist.xml; path = Info.plist; sourceTree = "<group>"; };
		2DC4B81929E67C98000F2022 /* Exam Local Database-Bridging-Header.h */ = {isa = PBXFileReference; lastKnownFileType = sourcecode.c.h; path = "Exam Local Database-Bridging-Header.h"; sourceTree = "<group>"; };
		2DC4B81A29E67C98000F2022 /* FMDatabaseQueue.h */ = {isa = PBXFileReference; fileEncoding = 4; lastKnownFileType = sourcecode.c.h; path = FMDatabaseQueue.h; sourceTree = "<group>"; };
		2DC4B81B29E67C98000F2022 /* FMDatabaseAdditions.m */ = {isa = PBXFileReference; fileEncoding = 4; lastKnownFileType = sourcecode.c.objc; path = FMDatabaseAdditions.m; sourceTree = "<group>"; };
		2DC4B81C29E67C98000F2022 /* FMResultSet.h */ = {isa = PBXFileReference; fileEncoding = 4; lastKnownFileType = sourcecode.c.h; path = FMResultSet.h; sourceTree = "<group>"; };
		2DC4B81D29E67C98000F2022 /* FMDatabaseQueue.m */ = {isa = PBXFileReference; fileEncoding = 4; lastKnownFileType = sourcecode.c.objc; path = FMDatabaseQueue.m; sourceTree = "<group>"; };
		2DC4B81E29E67C98000F2022 /* FMDatabase.h */ = {isa = PBXFileReference; fileEncoding = 4; lastKnownFileType = sourcecode.c.h; path = FMDatabase.h; sourceTree = "<group>"; };
		2DC4B81F29E67C98000F2022 /* FMDatabasePool.h */ = {isa = PBXFileReference; fileEncoding = 4; lastKnownFileType = sourcecode.c.h; path = FMDatabasePool.h; sourceTree = "<group>"; };
		2DC4B82029E67C98000F2022 /* FMDB.h */ = {isa = PBXFileReference; fileEncoding = 4; lastKnownFileType = sourcecode.c.h; path = FMDB.h; sourceTree = "<group>"; };
		2DC4B82129E67C98000F2022 /* FMDatabasePool.m */ = {isa = PBXFileReference; fileEncoding = 4; lastKnownFileType = sourcecode.c.objc; path = FMDatabasePool.m; sourceTree = "<group>"; };
		2DC4B82229E67C98000F2022 /* FMDatabase.m */ = {isa = PBXFileReference; fileEncoding = 4; lastKnownFileType = sourcecode.c.objc; path = FMDatabase.m; sourceTree = "<group>"; };
		2DC4B82329E67C98000F2022 /* FMResultSet.m */ = {isa = PBXFileReference; fileEncoding = 4; lastKnownFileType = sourcecode.c.objc; path = FMResultSet.m; sourceTree = "<group>"; };
		2DC4B82429E67C98000F2022 /* FMDatabaseAdditions.h */ = {isa = PBXFileReference; fileEncoding = 4; lastKnownFileType = sourcecode.c.h; path = FMDatabaseAdditions.h; sourceTree = "<group>"; };
		2DC4B82A29E67D1B000F2022 /* fmdb Helper.swift */ = {isa = PBXFileReference; lastKnownFileType = sourcecode.swift; path = "fmdb Helper.swift"; sourceTree = "<group>"; };
		2DC4B82C29E68829000F2022 /* ViewController2.swift */ = {isa = PBXFileReference; lastKnownFileType = sourcecode.swift; path = ViewController2.swift; sourceTree = "<group>"; };
		2DC4B82E29E689D9000F2022 /* MyTableViewCell.swift */ = {isa = PBXFileReference; lastKnownFileType = sourcecode.swift; path = MyTableViewCell.swift; sourceTree = "<group>"; };
/* End PBXFileReference section */

/* Begin PBXFrameworksBuildPhase section */
		2DC4B7FF29E67B8D000F2022 /* Frameworks */ = {
			isa = PBXFrameworksBuildPhase;
			buildActionMask = 2147483647;
			files = (
			);
			runOnlyForDeploymentPostprocessing = 0;
		};
/* End PBXFrameworksBuildPhase section */

/* Begin PBXGroup section */
		2DC4B7F929E67B8D000F2022 = {
			isa = PBXGroup;
			children = (
				2DC4B80429E67B8D000F2022 /* Exam Local Database */,
				2DC4B80329E67B8D000F2022 /* Products */,
			);
			sourceTree = "<group>";
		};
		2DC4B80329E67B8D000F2022 /* Products */ = {
			isa = PBXGroup;
			children = (
				2DC4B80229E67B8D000F2022 /* Exam Local Database.app */,
			);
			name = Products;
			sourceTree = "<group>";
		};
		2DC4B80429E67B8D000F2022 /* Exam Local Database */ = {
			isa = PBXGroup;
			children = (
				2DC4B81E29E67C98000F2022 /* FMDatabase.h */,
				2DC4B82229E67C98000F2022 /* FMDatabase.m */,
				2DC4B82429E67C98000F2022 /* FMDatabaseAdditions.h */,
				2DC4B81B29E67C98000F2022 /* FMDatabaseAdditions.m */,
				2DC4B81F29E67C98000F2022 /* FMDatabasePool.h */,
				2DC4B82129E67C98000F2022 /* FMDatabasePool.m */,
				2DC4B81A29E67C98000F2022 /* FMDatabaseQueue.h */,
				2DC4B81D29E67C98000F2022 /* FMDatabaseQueue.m */,
				2DC4B82029E67C98000F2022 /* FMDB.h */,
				2DC4B81C29E67C98000F2022 /* FMResultSet.h */,
				2DC4B82329E67C98000F2022 /* FMResultSet.m */,
				2DC4B80529E67B8D000F2022 /* AppDelegate.swift */,
				2DC4B80729E67B8D000F2022 /* SceneDelegate.swift */,
				2DC4B80929E67B8D000F2022 /* ViewController.swift */,
				2DC4B80B29E67B8D000F2022 /* Main.storyboard */,
				2DC4B82E29E689D9000F2022 /* MyTableViewCell.swift */,
				2DC4B82C29E68829000F2022 /* ViewController2.swift */,
				2DC4B80E29E67B8E000F2022 /* Assets.xcassets */,
				2DC4B81029E67B8E000F2022 /* LaunchScreen.storyboard */,
				2DC4B81329E67B8E000F2022 /* Info.plist */,
				2DC4B81929E67C98000F2022 /* Exam Local Database-Bridging-Header.h */,
				2DC4B82A29E67D1B000F2022 /* fmdb Helper.swift */,
			);
			path = "Exam Local Database";
			sourceTree = "<group>";
		};
/* End PBXGroup section */

/* Begin PBXNativeTarget section */
		2DC4B80129E67B8D000F2022 /* Exam Local Database */ = {
			isa = PBXNativeTarget;
			buildConfigurationList = 2DC4B81629E67B8E000F2022 /* Build configuration list for PBXNativeTarget "Exam Local Database" */;
			buildPhases = (
				2DC4B7FE29E67B8D000F2022 /* Sources */,
				2DC4B7FF29E67B8D000F2022 /* Frameworks */,
				2DC4B80029E67B8D000F2022 /* Resources */,
			);
			buildRules = (
			);
			dependencies = (
			);
			name = "Exam Local Database";
			productName = "Exam Local Database";
			productReference = 2DC4B80229E67B8D000F2022 /* Exam Local Database.app */;
			productType = "com.apple.product-type.application";
		};
/* End PBXNativeTarget section */

/* Begin PBXProject section */
		2DC4B7FA29E67B8D000F2022 /* Project object */ = {
			isa = PBXProject;
			attributes = {
				BuildIndependentTargetsInParallel = 1;
				LastSwiftUpdateCheck = 1420;
				LastUpgradeCheck = 1420;
				TargetAttributes = {
					2DC4B80129E67B8D000F2022 = {
						CreatedOnToolsVersion = 14.2;
						LastSwiftMigration = 1420;
					};
				};
			};
			buildConfigurationList = 2DC4B7FD29E67B8D000F2022 /* Build configuration list for PBXProject "Exam Local Database" */;
			compatibilityVersion = "Xcode 13.0";
			developmentRegion = en;
			hasScannedForEncodings = 0;
			knownRegions = (
				en,
				Base,
			);
			mainGroup = 2DC4B7F929E67B8D000F2022;
			productRefGroup = 2DC4B80329E67B8D000F2022 /* Products */;
			projectDirPath = "";
			projectRoot = "";
			targets = (
				2DC4B80129E67B8D000F2022 /* Exam Local Database */,
			);
		};
/* End PBXProject section */

/* Begin PBXResourcesBuildPhase section */
		2DC4B80029E67B8D000F2022 /* Resources */ = {
			isa = PBXResourcesBuildPhase;
			buildActionMask = 2147483647;
			files = (
				2DC4B81229E67B8E000F2022 /* LaunchScreen.storyboard in Resources */,
				2DC4B80F29E67B8E000F2022 /* Assets.xcassets in Resources */,
				2DC4B80D29E67B8D000F2022 /* Main.storyboard in Resources */,
			);
			runOnlyForDeploymentPostprocessing = 0;
		};
/* End PBXResourcesBuildPhase section */

/* Begin PBXSourcesBuildPhase section */
		2DC4B7FE29E67B8D000F2022 /* Sources */ = {
			isa = PBXSourcesBuildPhase;
			buildActionMask = 2147483647;
			files = (
				2DC4B82629E67C98000F2022 /* FMDatabaseQueue.m in Sources */,
				2DC4B82729E67C98000F2022 /* FMDatabasePool.m in Sources */,
				2DC4B80A29E67B8D000F2022 /* ViewController.swift in Sources */,
				2DC4B82F29E689D9000F2022 /* MyTableViewCell.swift in Sources */,
				2DC4B82829E67C98000F2022 /* FMDatabase.m in Sources */,
				2DC4B80629E67B8D000F2022 /* AppDelegate.swift in Sources */,
				2DC4B82D29E68829000F2022 /* ViewController2.swift in Sources */,
				2DC4B82B29E67D1B000F2022 /* fmdb Helper.swift in Sources */,
				2DC4B80829E67B8D000F2022 /* SceneDelegate.swift in Sources */,
				2DC4B82929E67C98000F2022 /* FMResultSet.m in Sources */,
				2DC4B82529E67C98000F2022 /* FMDatabaseAdditions.m in Sources */,
			);
			runOnlyForDeploymentPostprocessing = 0;
		};
/* End PBXSourcesBuildPhase section */

/* Begin PBXVariantGroup section */
		2DC4B80B29E67B8D000F2022 /* Main.storyboard */ = {
			isa = PBXVariantGroup;
			children = (
				2DC4B80C29E67B8D000F2022 /* Base */,
			);
			name = Main.storyboard;
			sourceTree = "<group>";
		};
		2DC4B81029E67B8E000F2022 /* LaunchScreen.storyboard */ = {
			isa = PBXVariantGroup;
			children = (
				2DC4B81129E67B8E000F2022 /* Base */,
			);
			name = LaunchScreen.storyboard;
			sourceTree = "<group>";
		};
/* End PBXVariantGroup section */

/* Begin XCBuildConfiguration section */
		2DC4B81429E67B8E000F2022 /* Debug */ = {
			isa = XCBuildConfiguration;
			buildSettings = {
				ALWAYS_SEARCH_USER_PATHS = NO;
				CLANG_ANALYZER_NONNULL = YES;
				CLANG_ANALYZER_NUMBER_OBJECT_CONVERSION = YES_AGGRESSIVE;
				CLANG_CXX_LANGUAGE_STANDARD = "gnu++20";
				CLANG_ENABLE_MODULES = YES;
				CLANG_ENABLE_OBJC_ARC = YES;
				CLANG_ENABLE_OBJC_WEAK = YES;
				CLANG_WARN_BLOCK_CAPTURE_AUTORELEASING = YES;
				CLANG_WARN_BOOL_CONVERSION = YES;
				CLANG_WARN_COMMA = YES;
				CLANG_WARN_CONSTANT_CONVERSION = YES;
				CLANG_WARN_DEPRECATED_OBJC_IMPLEMENTATIONS = YES;
				CLANG_WARN_DIRECT_OBJC_ISA_USAGE = YES_ERROR;
				CLANG_WARN_DOCUMENTATION_COMMENTS = YES;
				CLANG_WARN_EMPTY_BODY = YES;
				CLANG_WARN_ENUM_CONVERSION = YES;
				CLANG_WARN_INFINITE_RECURSION = YES;
				CLANG_WARN_INT_CONVERSION = YES;
				CLANG_WARN_NON_LITERAL_NULL_CONVERSION = YES;
				CLANG_WARN_OBJC_IMPLICIT_RETAIN_SELF = YES;
				CLANG_WARN_OBJC_LITERAL_CONVERSION = YES;
				CLANG_WARN_OBJC_ROOT_CLASS = YES_ERROR;
				CLANG_WARN_QUOTED_INCLUDE_IN_FRAMEWORK_HEADER = YES;
				CLANG_WARN_RANGE_LOOP_ANALYSIS = YES;
				CLANG_WARN_STRICT_PROTOTYPES = YES;
				CLANG_WARN_SUSPICIOUS_MOVE = YES;
				CLANG_WARN_UNGUARDED_AVAILABILITY = YES_AGGRESSIVE;
				CLANG_WARN_UNREACHABLE_CODE = YES;
				CLANG_WARN__DUPLICATE_METHOD_MATCH = YES;
				COPY_PHASE_STRIP = NO;
				DEBUG_INFORMATION_FORMAT = dwarf;
				ENABLE_STRICT_OBJC_MSGSEND = YES;
				ENABLE_TESTABILITY = YES;
				GCC_C_LANGUAGE_STANDARD = gnu11;
				GCC_DYNAMIC_NO_PIC = NO;
				GCC_NO_COMMON_BLOCKS = YES;
				GCC_OPTIMIZATION_LEVEL = 0;
				GCC_PREPROCESSOR_DEFINITIONS = (
					"DEBUG=1",
					"$(inherited)",
				);
				GCC_WARN_64_TO_32_BIT_CONVERSION = YES;
				GCC_WARN_ABOUT_RETURN_TYPE = YES_ERROR;
				GCC_WARN_UNDECLARED_SELECTOR = YES;
				GCC_WARN_UNINITIALIZED_AUTOS = YES_AGGRESSIVE;
				GCC_WARN_UNUSED_FUNCTION = YES;
				GCC_WARN_UNUSED_VARIABLE = YES;
				IPHONEOS_DEPLOYMENT_TARGET = 16.2;
				MTL_ENABLE_DEBUG_INFO = INCLUDE_SOURCE;
				MTL_FAST_MATH = YES;
				ONLY_ACTIVE_ARCH = YES;
				SDKROOT = iphoneos;
				SWIFT_ACTIVE_COMPILATION_CONDITIONS = DEBUG;
				SWIFT_OPTIMIZATION_LEVEL = "-Onone";
			};
			name = Debug;
		};
		2DC4B81529E67B8E000F2022 /* Release */ = {
			isa = XCBuildConfiguration;
			buildSettings = {
				ALWAYS_SEARCH_USER_PATHS = NO;
				CLANG_ANALYZER_NONNULL = YES;
				CLANG_ANALYZER_NUMBER_OBJECT_CONVERSION = YES_AGGRESSIVE;
				CLANG_CXX_LANGUAGE_STANDARD = "gnu++20";
				CLANG_ENABLE_MODULES = YES;
				CLANG_ENABLE_OBJC_ARC = YES;
				CLANG_ENABLE_OBJC_WEAK = YES;
				CLANG_WARN_BLOCK_CAPTURE_AUTORELEASING = YES;
				CLANG_WARN_BOOL_CONVERSION = YES;
				CLANG_WARN_COMMA = YES;
				CLANG_WARN_CONSTANT_CONVERSION = YES;
				CLANG_WARN_DEPRECATED_OBJC_IMPLEMENTATIONS = YES;
				CLANG_WARN_DIRECT_OBJC_ISA_USAGE = YES_ERROR;
				CLANG_WARN_DOCUMENTATION_COMMENTS = YES;
				CLANG_WARN_EMPTY_BODY = YES;
				CLANG_WARN_ENUM_CONVERSION = YES;
				CLANG_WARN_INFINITE_RECURSION = YES;
				CLANG_WARN_INT_CONVERSION = YES;
				CLANG_WARN_NON_LITERAL_NULL_CONVERSION = YES;
				CLANG_WARN_OBJC_IMPLICIT_RETAIN_SELF = YES;
				CLANG_WARN_OBJC_LITERAL_CONVERSION = YES;
				CLANG_WARN_OBJC_ROOT_CLASS = YES_ERROR;
				CLANG_WARN_QUOTED_INCLUDE_IN_FRAMEWORK_HEADER = YES;
				CLANG_WARN_RANGE_LOOP_ANALYSIS = YES;
				CLANG_WARN_STRICT_PROTOTYPES = YES;
				CLANG_WARN_SUSPICIOUS_MOVE = YES;
				CLANG_WARN_UNGUARDED_AVAILABILITY = YES_AGGRESSIVE;
				CLANG_WARN_UNREACHABLE_CODE = YES;
				CLANG_WARN__DUPLICATE_METHOD_MATCH = YES;
				COPY_PHASE_STRIP = NO;
				DEBUG_INFORMATION_FORMAT = "dwarf-with-dsym";
				ENABLE_NS_ASSERTIONS = NO;
				ENABLE_STRICT_OBJC_MSGSEND = YES;
				GCC_C_LANGUAGE_STANDARD = gnu11;
				GCC_NO_COMMON_BLOCKS = YES;
				GCC_WARN_64_TO_32_BIT_CONVERSION = YES;
				GCC_WARN_ABOUT_RETURN_TYPE = YES_ERROR;
				GCC_WARN_UNDECLARED_SELECTOR = YES;
				GCC_WARN_UNINITIALIZED_AUTOS = YES_AGGRESSIVE;
				GCC_WARN_UNUSED_FUNCTION = YES;
				GCC_WARN_UNUSED_VARIABLE = YES;
				IPHONEOS_DEPLOYMENT_TARGET = 16.2;
				MTL_ENABLE_DEBUG_INFO = NO;
				MTL_FAST_MATH = YES;
				SDKROOT = iphoneos;
				SWIFT_COMPILATION_MODE = wholemodule;
				SWIFT_OPTIMIZATION_LEVEL = "-O";
				VALIDATE_PRODUCT = YES;
			};
			name = Release;
		};
		2DC4B81729E67B8E000F2022 /* Debug */ = {
			isa = XCBuildConfiguration;
			buildSettings = {
				ASSETCATALOG_COMPILER_APPICON_NAME = AppIcon;
				ASSETCATALOG_COMPILER_GLOBAL_ACCENT_COLOR_NAME = AccentColor;
				CLANG_ENABLE_MODULES = YES;
				CODE_SIGN_STYLE = Automatic;
				CURRENT_PROJECT_VERSION = 1;
				DEVELOPMENT_TEAM = 3D7UQM8T2A;
				GENERATE_INFOPLIST_FILE = YES;
				INFOPLIST_FILE = "Exam Local Database/Info.plist";
				INFOPLIST_KEY_UIApplicationSupportsIndirectInputEvents = YES;
				INFOPLIST_KEY_UILaunchStoryboardName = LaunchScreen;
				INFOPLIST_KEY_UIMainStoryboardFile = Main;
				INFOPLIST_KEY_UISupportedInterfaceOrientations_iPad = "UIInterfaceOrientationPortrait UIInterfaceOrientationPortraitUpsideDown UIInterfaceOrientationLandscapeLeft UIInterfaceOrientationLandscapeRight";
				INFOPLIST_KEY_UISupportedInterfaceOrientations_iPhone = "UIInterfaceOrientationPortrait UIInterfaceOrientationLandscapeLeft UIInterfaceOrientationLandscapeRight";
				LD_RUNPATH_SEARCH_PATHS = (
					"$(inherited)",
					"@executable_path/Frameworks",
				);
				MARKETING_VERSION = 1.0;
				PRODUCT_BUNDLE_IDENTIFIER = "com.dipika.Exam-Local-Database";
				PRODUCT_NAME = "$(TARGET_NAME)";
				SWIFT_EMIT_LOC_STRINGS = YES;
				SWIFT_OBJC_BRIDGING_HEADER = "Exam Local Database/Exam Local Database-Bridging-Header.h";
				SWIFT_OPTIMIZATION_LEVEL = "-Onone";
				SWIFT_VERSION = 5.0;
				TARGETED_DEVICE_FAMILY = "1,2";
			};
			name = Debug;
		};
		2DC4B81829E67B8E000F2022 /* Release */ = {
			isa = XCBuildConfiguration;
			buildSettings = {
				ASSETCATALOG_COMPILER_APPICON_NAME = AppIcon;
				ASSETCATALOG_COMPILER_GLOBAL_ACCENT_COLOR_NAME = AccentColor;
				CLANG_ENABLE_MODULES = YES;
				CODE_SIGN_STYLE = Automatic;
				CURRENT_PROJECT_VERSION = 1;
				DEVELOPMENT_TEAM = 3D7UQM8T2A;
				GENERATE_INFOPLIST_FILE = YES;
				INFOPLIST_FILE = "Exam Local Database/Info.plist";
				INFOPLIST_KEY_UIApplicationSupportsIndirectInputEvents = YES;
				INFOPLIST_KEY_UILaunchStoryboardName = LaunchScreen;
				INFOPLIST_KEY_UIMainStoryboardFile = Main;
				INFOPLIST_KEY_UISupportedInterfaceOrientations_iPad = "UIInterfaceOrientationPortrait UIInterfaceOrientationPortraitUpsideDown UIInterfaceOrientationLandscapeLeft UIInterfaceOrientationLandscapeRight";
				INFOPLIST_KEY_UISupportedInterfaceOrientations_iPhone = "UIInterfaceOrientationPortrait UIInterfaceOrientationLandscapeLeft UIInterfaceOrientationLandscapeRight";
				LD_RUNPATH_SEARCH_PATHS = (
					"$(inherited)",
					"@executable_path/Frameworks",
				);
				MARKETING_VERSION = 1.0;
				PRODUCT_BUNDLE_IDENTIFIER = "com.dipika.Exam-Local-Database";
				PRODUCT_NAME = "$(TARGET_NAME)";
				SWIFT_EMIT_LOC_STRINGS = YES;
				SWIFT_OBJC_BRIDGING_HEADER = "Exam Local Database/Exam Local Database-Bridging-Header.h";
				SWIFT_VERSION = 5.0;
				TARGETED_DEVICE_FAMILY = "1,2";
			};
			name = Release;
		};
/* End XCBuildConfiguration section */

/* Begin XCConfigurationList section */
		2DC4B7FD29E67B8D000F2022 /* Build configuration list for PBXProject "Exam Local Database" */ = {
			isa = XCConfigurationList;
			buildConfigurations = (
				2DC4B81429E67B8E000F2022 /* Debug */,
				2DC4B81529E67B8E000F2022 /* Release */,
			);
			defaultConfigurationIsVisible = 0;
			defaultConfigurationName = Release;
		};
		2DC4B81629E67B8E000F2022 /* Build configuration list for PBXNativeTarget "Exam Local Database" */ = {
			isa = XCConfigurationList;
			buildConfigurations = (
				2DC4B81729E67B8E000F2022 /* Debug */,
				2DC4B81829E67B8E000F2022 /* Release */,
			);
			defaultConfigurationIsVisible = 0;
			defaultConfigurationName = Release;
		};
/* End XCConfigurationList section */
	};
	rootObject = 2DC4B7FA29E67B8D000F2022 /* Project object */;
}
